
Microsoft Visual Studio Solution File, Format Version 12.00
# Visual Studio Version 17
VisualStudioVersion = 17.6.33815.320
MinimumVisualStudioVersion = 10.0.40219.1
Project("{FAE04EC0-301F-11D3-BF4B-00C04F79EFBC}") = "DiceBattleGame", "DiceBattleGame.csproj", "{75EA69F3-4763-4464-8777-153695B63BA3}"
EndProject
Global
	GlobalSection(SolutionConfigurationPlatforms) = preSolution
		Debug|Any CPU = Debug|Any CPU
		Release|Any CPU = Release|Any CPU
	EndGlobalSection
	GlobalSection(ProjectConfigurationPlatforms) = postSolution
		{75EA69F3-4763-4464-8777-153695B63BA3}.Debug|Any CPU.ActiveCfg = Debug|Any CPU
		{75EA69F3-4763-4464-8777-153695B63BA3}.Debug|Any CPU.Build.0 = Debug|Any CPU
		{75EA69F3-4763-4464-8777-153695B63BA3}.Release|Any CPU.ActiveCfg = Release|Any CPU
		{75EA69F3-4763-4464-8777-153695B63BA3}.Release|Any CPU.Build.0 = Release|Any CPU
	EndGlobalSection
	GlobalSection(SolutionProperties) = preSolution
		HideSolutionNode = FALSE
	EndGlobalSection
	GlobalSection(ExtensibilityGlobals) = postSolution
		SolutionGuid = {824B111A-4348-4E87-A905-6CA6796431FB}
	EndGlobalSection
EndGlobal
